
Microsoft Visual Studio Solution File, Format Version 12.00
# Visual Studio Version 16
VisualStudioVersion = 16.0.30011.22
MinimumVisualStudioVersion = 10.0.40219.1
Project("{9A19103F-16F7-4668-BE54-9A1E7A4F7556}") = "LithUSS", "LithUSS\LithUSS.csproj", "{EC150FC0-B589-407F-A188-5D3C9691A96F}"
EndProject
Project("{9A19103F-16F7-4668-BE54-9A1E7A4F7556}") = "Test", "Test\Test.csproj", "{EF89101E-6794-41D1-BA54-3B328F57599D}"
EndProject
Global
	GlobalSection(SolutionConfigurationPlatforms) = preSolution
		Debug|x64 = Debug|x64
		Debug|x86 = Debug|x86
		Release|x64 = Release|x64
		Release|x86 = Release|x86
	EndGlobalSection
	GlobalSection(ProjectConfigurationPlatforms) = postSolution
		{EC150FC0-B589-407F-A188-5D3C9691A96F}.Debug|x64.ActiveCfg = Debug|Any CPU
		{EC150FC0-B589-407F-A188-5D3C9691A96F}.Debug|x64.Build.0 = Debug|Any CPU
		{EC150FC0-B589-407F-A188-5D3C9691A96F}.Debug|x86.ActiveCfg = Debug|Any CPU
		{EC150FC0-B589-407F-A188-5D3C9691A96F}.Debug|x86.Build.0 = Debug|Any CPU
		{EC150FC0-B589-407F-A188-5D3C9691A96F}.Release|x64.ActiveCfg = Release|Any CPU
		{EC150FC0-B589-407F-A188-5D3C9691A96F}.Release|x64.Build.0 = Release|Any CPU
		{EC150FC0-B589-407F-A188-5D3C9691A96F}.Release|x86.ActiveCfg = Release|Any CPU
		{EC150FC0-B589-407F-A188-5D3C9691A96F}.Release|x86.Build.0 = Release|Any CPU
		{EF89101E-6794-41D1-BA54-3B328F57599D}.Debug|x64.ActiveCfg = Debug|x64
		{EF89101E-6794-41D1-BA54-3B328F57599D}.Debug|x64.Build.0 = Debug|x64
		{EF89101E-6794-41D1-BA54-3B328F57599D}.Debug|x86.ActiveCfg = Debug|x86
		{EF89101E-6794-41D1-BA54-3B328F57599D}.Debug|x86.Build.0 = Debug|x86
		{EF89101E-6794-41D1-BA54-3B328F57599D}.Release|x64.ActiveCfg = Release|x64
		{EF89101E-6794-41D1-BA54-3B328F57599D}.Release|x64.Build.0 = Release|x64
		{EF89101E-6794-41D1-BA54-3B328F57599D}.Release|x86.ActiveCfg = Release|x86
		{EF89101E-6794-41D1-BA54-3B328F57599D}.Release|x86.Build.0 = Release|x86
	EndGlobalSection
	GlobalSection(SolutionProperties) = preSolution
		HideSolutionNode = FALSE
	EndGlobalSection
	GlobalSection(ExtensibilityGlobals) = postSolution
		SolutionGuid = {9C996168-9B52-443A-BEF2-1F5D126335B1}
	EndGlobalSection
EndGlobal
